// !$*UTF8*$!
{
	archiveVersion = 1;
	classes = {
	};
	objectVersion = 56;
	objects = {

/* Begin PBXBuildFile section */
		3B35B5D22975B055009C92E2 /* DiscordoRPCApp.swift in Sources */ = {isa = PBXBuildFile; fileRef = 3B35B5D12975B055009C92E2 /* DiscordoRPCApp.swift */; };
		3B35B5D42975B055009C92E2 /* ContentView.swift in Sources */ = {isa = PBXBuildFile; fileRef = 3B35B5D32975B055009C92E2 /* ContentView.swift */; };
		3B35B5D62975B057009C92E2 /* Assets.xcassets in Resources */ = {isa = PBXBuildFile; fileRef = 3B35B5D52975B057009C92E2 /* Assets.xcassets */; };
		3B35B5D92975B057009C92E2 /* Preview Assets.xcassets in Resources */ = {isa = PBXBuildFile; fileRef = 3B35B5D82975B057009C92E2 /* Preview Assets.xcassets */; };
		3B35B5DB2975B057009C92E2 /* Persistence.swift in Sources */ = {isa = PBXBuildFile; fileRef = 3B35B5DA2975B057009C92E2 /* Persistence.swift */; };
		3B35B5DE2975B057009C92E2 /* DiscordoRPC.xcdatamodeld in Sources */ = {isa = PBXBuildFile; fileRef = 3B35B5DC2975B057009C92E2 /* DiscordoRPC.xcdatamodeld */; };
		3B35B5E82975B41E009C92E2 /* Socket in Frameworks */ = {isa = PBXBuildFile; productRef = 3B35B5E72975B41E009C92E2 /* Socket */; };
		3B35B5EB2975B55C009C92E2 /* ArgumentParser in Frameworks */ = {isa = PBXBuildFile; productRef = 3B35B5EA2975B55C009C92E2 /* ArgumentParser */; };
		3B35B5ED2975B55C009C92E2 /* generate-manual in Frameworks */ = {isa = PBXBuildFile; productRef = 3B35B5EC2975B55C009C92E2 /* generate-manual */; };
		3B35B5F12975B661009C92E2 /* SwordRPC in Frameworks */ = {isa = PBXBuildFile; productRef = 3B35B5F02975B661009C92E2 /* SwordRPC */; };
		3B35B5F32975B6B1009C92E2 /* AppDelegate.swift in Sources */ = {isa = PBXBuildFile; fileRef = 3B35B5F22975B6B1009C92E2 /* AppDelegate.swift */; };
		3B35B5F62975B6F9009C92E2 /* Applescript.swift in Sources */ = {isa = PBXBuildFile; fileRef = 3B35B5F52975B6F9009C92E2 /* Applescript.swift */; };
		3B35B5F82975B70B009C92E2 /* Constants.swift in Sources */ = {isa = PBXBuildFile; fileRef = 3B35B5F72975B70B009C92E2 /* Constants.swift */; };
		3B35B5FA2975B71C009C92E2 /* Helpers.swift in Sources */ = {isa = PBXBuildFile; fileRef = 3B35B5F92975B71B009C92E2 /* Helpers.swift */; };
/* End PBXBuildFile section */

/* Begin PBXFileReference section */
		3B35B5CE2975B055009C92E2 /* DiscordoRPC.app */ = {isa = PBXFileReference; explicitFileType = wrapper.application; includeInIndex = 0; path = DiscordoRPC.app; sourceTree = BUILT_PRODUCTS_DIR; };
		3B35B5D12975B055009C92E2 /* DiscordoRPCApp.swift */ = {isa = PBXFileReference; lastKnownFileType = sourcecode.swift; path = DiscordoRPCApp.swift; sourceTree = "<group>"; };
		3B35B5D32975B055009C92E2 /* ContentView.swift */ = {isa = PBXFileReference; lastKnownFileType = sourcecode.swift; path = ContentView.swift; sourceTree = "<group>"; };
		3B35B5D52975B057009C92E2 /* Assets.xcassets */ = {isa = PBXFileReference; lastKnownFileType = folder.assetcatalog; path = Assets.xcassets; sourceTree = "<group>"; };
		3B35B5D82975B057009C92E2 /* Preview Assets.xcassets */ = {isa = PBXFileReference; lastKnownFileType = folder.assetcatalog; path = "Preview Assets.xcassets"; sourceTree = "<group>"; };
		3B35B5DA2975B057009C92E2 /* Persistence.swift */ = {isa = PBXFileReference; lastKnownFileType = sourcecode.swift; path = Persistence.swift; sourceTree = "<group>"; };
		3B35B5DD2975B057009C92E2 /* DiscordoRPC.xcdatamodel */ = {isa = PBXFileReference; lastKnownFileType = wrapper.xcdatamodel; path = DiscordoRPC.xcdatamodel; sourceTree = "<group>"; };
		3B35B5DF2975B057009C92E2 /* DiscordoRPC.entitlements */ = {isa = PBXFileReference; lastKnownFileType = text.plist.entitlements; path = DiscordoRPC.entitlements; sourceTree = "<group>"; };
		3B35B5F22975B6B1009C92E2 /* AppDelegate.swift */ = {isa = PBXFileReference; lastKnownFileType = sourcecode.swift; path = AppDelegate.swift; sourceTree = "<group>"; };
		3B35B5F52975B6F9009C92E2 /* Applescript.swift */ = {isa = PBXFileReference; lastKnownFileType = sourcecode.swift; path = Applescript.swift; sourceTree = "<group>"; };
		3B35B5F72975B70B009C92E2 /* Constants.swift */ = {isa = PBXFileReference; lastKnownFileType = sourcecode.swift; path = Constants.swift; sourceTree = "<group>"; };
		3B35B5F92975B71B009C92E2 /* Helpers.swift */ = {isa = PBXFileReference; lastKnownFileType = sourcecode.swift; path = Helpers.swift; sourceTree = "<group>"; };
/* End PBXFileReference section */

/* Begin PBXFrameworksBuildPhase section */
		3B35B5CB2975B055009C92E2 /* Frameworks */ = {
			isa = PBXFrameworksBuildPhase;
			buildActionMask = 2147483647;
			files = (
				3B35B5F12975B661009C92E2 /* SwordRPC in Frameworks */,
				3B35B5EB2975B55C009C92E2 /* ArgumentParser in Frameworks */,
				3B35B5E82975B41E009C92E2 /* Socket in Frameworks */,
				3B35B5ED2975B55C009C92E2 /* generate-manual in Frameworks */,
			);
			runOnlyForDeploymentPostprocessing = 0;
		};
/* End PBXFrameworksBuildPhase section */

/* Begin PBXGroup section */
		3B35B5C52975B055009C92E2 = {
			isa = PBXGroup;
			children = (
				3B35B5D02975B055009C92E2 /* DiscordoRPC */,
				3B35B5CF2975B055009C92E2 /* Products */,
			);
			sourceTree = "<group>";
		};
		3B35B5CF2975B055009C92E2 /* Products */ = {
			isa = PBXGroup;
			children = (
				3B35B5CE2975B055009C92E2 /* DiscordoRPC.app */,
			);
			name = Products;
			sourceTree = "<group>";
		};
		3B35B5D02975B055009C92E2 /* DiscordoRPC */ = {
			isa = PBXGroup;
			children = (
				3B35B5F22975B6B1009C92E2 /* AppDelegate.swift */,
				3B35B5D12975B055009C92E2 /* DiscordoRPCApp.swift */,
				3B35B5D32975B055009C92E2 /* ContentView.swift */,
				3B35B5E52975B125009C92E2 /* CoreData */,
				3B35B5F42975B6EE009C92E2 /* Supporting Files */,
				3B35B5D52975B057009C92E2 /* Assets.xcassets */,
				3B35B5DF2975B057009C92E2 /* DiscordoRPC.entitlements */,
				3B35B5D72975B057009C92E2 /* Preview Content */,
			);
			path = DiscordoRPC;
			sourceTree = "<group>";
		};
		3B35B5D72975B057009C92E2 /* Preview Content */ = {
			isa = PBXGroup;
			children = (
				3B35B5D82975B057009C92E2 /* Preview Assets.xcassets */,
			);
			path = "Preview Content";
			sourceTree = "<group>";
		};
		3B35B5E52975B125009C92E2 /* CoreData */ = {
			isa = PBXGroup;
			children = (
				3B35B5DA2975B057009C92E2 /* Persistence.swift */,
				3B35B5DC2975B057009C92E2 /* DiscordoRPC.xcdatamodeld */,
			);
			path = CoreData;
			sourceTree = "<group>";
		};
		3B35B5F42975B6EE009C92E2 /* Supporting Files */ = {
			isa = PBXGroup;
			children = (
				3B35B5F52975B6F9009C92E2 /* Applescript.swift */,
				3B35B5F72975B70B009C92E2 /* Constants.swift */,
				3B35B5F92975B71B009C92E2 /* Helpers.swift */,
			);
			path = "Supporting Files";
			sourceTree = "<group>";
		};
/* End PBXGroup section */

/* Begin PBXNativeTarget section */
		3B35B5CD2975B055009C92E2 /* DiscordoRPC */ = {
			isa = PBXNativeTarget;
			buildConfigurationList = 3B35B5E22975B057009C92E2 /* Build configuration list for PBXNativeTarget "DiscordoRPC" */;
			buildPhases = (
				3B35B5CA2975B055009C92E2 /* Sources */,
				3B35B5CB2975B055009C92E2 /* Frameworks */,
				3B35B5CC2975B055009C92E2 /* Resources */,
			);
			buildRules = (
			);
			dependencies = (
			);
			name = DiscordoRPC;
			packageProductDependencies = (
				3B35B5E72975B41E009C92E2 /* Socket */,
				3B35B5EA2975B55C009C92E2 /* ArgumentParser */,
				3B35B5EC2975B55C009C92E2 /* generate-manual */,
				3B35B5F02975B661009C92E2 /* SwordRPC */,
			);
			productName = DiscordoRPC;
			productReference = 3B35B5CE2975B055009C92E2 /* DiscordoRPC.app */;
			productType = "com.apple.product-type.application";
		};
/* End PBXNativeTarget section */

/* Begin PBXProject section */
		3B35B5C62975B055009C92E2 /* Project object */ = {
			isa = PBXProject;
			attributes = {
				BuildIndependentTargetsInParallel = 1;
				LastSwiftUpdateCheck = 1420;
				LastUpgradeCheck = 1420;
				TargetAttributes = {
					3B35B5CD2975B055009C92E2 = {
						CreatedOnToolsVersion = 14.2;
					};
				};
			};
			buildConfigurationList = 3B35B5C92975B055009C92E2 /* Build configuration list for PBXProject "DiscordoRPC" */;
			compatibilityVersion = "Xcode 14.0";
			developmentRegion = en;
			hasScannedForEncodings = 0;
			knownRegions = (
				en,
				Base,
			);
			mainGroup = 3B35B5C52975B055009C92E2;
			packageReferences = (
				3B35B5E62975B41E009C92E2 /* XCRemoteSwiftPackageReference "BlueSocket" */,
				3B35B5E92975B55C009C92E2 /* XCRemoteSwiftPackageReference "swift-argument-parser" */,
				3B35B5EF2975B661009C92E2 /* XCRemoteSwiftPackageReference "SwordRPC" */,
			);
			productRefGroup = 3B35B5CF2975B055009C92E2 /* Products */;
			projectDirPath = "";
			projectRoot = "";
			targets = (
				3B35B5CD2975B055009C92E2 /* DiscordoRPC */,
			);
		};
/* End PBXProject section */

/* Begin PBXResourcesBuildPhase section */
		3B35B5CC2975B055009C92E2 /* Resources */ = {
			isa = PBXResourcesBuildPhase;
			buildActionMask = 2147483647;
			files = (
				3B35B5D92975B057009C92E2 /* Preview Assets.xcassets in Resources */,
				3B35B5D62975B057009C92E2 /* Assets.xcassets in Resources */,
			);
			runOnlyForDeploymentPostprocessing = 0;
		};
/* End PBXResourcesBuildPhase section */

/* Begin PBXSourcesBuildPhase section */
		3B35B5CA2975B055009C92E2 /* Sources */ = {
			isa = PBXSourcesBuildPhase;
			buildActionMask = 2147483647;
			files = (
				3B35B5DE2975B057009C92E2 /* DiscordoRPC.xcdatamodeld in Sources */,
				3B35B5DB2975B057009C92E2 /* Persistence.swift in Sources */,
				3B35B5D42975B055009C92E2 /* ContentView.swift in Sources */,
				3B35B5FA2975B71C009C92E2 /* Helpers.swift in Sources */,
				3B35B5F32975B6B1009C92E2 /* AppDelegate.swift in Sources */,
				3B35B5F82975B70B009C92E2 /* Constants.swift in Sources */,
				3B35B5D22975B055009C92E2 /* DiscordoRPCApp.swift in Sources */,
				3B35B5F62975B6F9009C92E2 /* Applescript.swift in Sources */,
			);
			runOnlyForDeploymentPostprocessing = 0;
		};
/* End PBXSourcesBuildPhase section */

/* Begin XCBuildConfiguration section */
		3B35B5E02975B057009C92E2 /* Debug */ = {
			isa = XCBuildConfiguration;
			buildSettings = {
				ALWAYS_SEARCH_USER_PATHS = NO;
				CLANG_ANALYZER_NONNULL = YES;
				CLANG_ANALYZER_NUMBER_OBJECT_CONVERSION = YES_AGGRESSIVE;
				CLANG_CXX_LANGUAGE_STANDARD = "gnu++20";
				CLANG_ENABLE_MODULES = YES;
				CLANG_ENABLE_OBJC_ARC = YES;
				CLANG_ENABLE_OBJC_WEAK = YES;
				CLANG_WARN_BLOCK_CAPTURE_AUTORELEASING = YES;
				CLANG_WARN_BOOL_CONVERSION = YES;
				CLANG_WARN_COMMA = YES;
				CLANG_WARN_CONSTANT_CONVERSION = YES;
				CLANG_WARN_DEPRECATED_OBJC_IMPLEMENTATIONS = YES;
				CLANG_WARN_DIRECT_OBJC_ISA_USAGE = YES_ERROR;
				CLANG_WARN_DOCUMENTATION_COMMENTS = YES;
				CLANG_WARN_EMPTY_BODY = YES;
				CLANG_WARN_ENUM_CONVERSION = YES;
				CLANG_WARN_INFINITE_RECURSION = YES;
				CLANG_WARN_INT_CONVERSION = YES;
				CLANG_WARN_NON_LITERAL_NULL_CONVERSION = YES;
				CLANG_WARN_OBJC_IMPLICIT_RETAIN_SELF = YES;
				CLANG_WARN_OBJC_LITERAL_CONVERSION = YES;
				CLANG_WARN_OBJC_ROOT_CLASS = YES_ERROR;
				CLANG_WARN_QUOTED_INCLUDE_IN_FRAMEWORK_HEADER = YES;
				CLANG_WARN_RANGE_LOOP_ANALYSIS = YES;
				CLANG_WARN_STRICT_PROTOTYPES = YES;
				CLANG_WARN_SUSPICIOUS_MOVE = YES;
				CLANG_WARN_UNGUARDED_AVAILABILITY = YES_AGGRESSIVE;
				CLANG_WARN_UNREACHABLE_CODE = YES;
				CLANG_WARN__DUPLICATE_METHOD_MATCH = YES;
				COPY_PHASE_STRIP = NO;
				DEBUG_INFORMATION_FORMAT = dwarf;
				ENABLE_STRICT_OBJC_MSGSEND = YES;
				ENABLE_TESTABILITY = YES;
				GCC_C_LANGUAGE_STANDARD = gnu11;
				GCC_DYNAMIC_NO_PIC = NO;
				GCC_NO_COMMON_BLOCKS = YES;
				GCC_OPTIMIZATION_LEVEL = 0;
				GCC_PREPROCESSOR_DEFINITIONS = (
					"DEBUG=1",
					"$(inherited)",
				);
				GCC_WARN_64_TO_32_BIT_CONVERSION = YES;
				GCC_WARN_ABOUT_RETURN_TYPE = YES_ERROR;
				GCC_WARN_UNDECLARED_SELECTOR = YES;
				GCC_WARN_UNINITIALIZED_AUTOS = YES_AGGRESSIVE;
				GCC_WARN_UNUSED_FUNCTION = YES;
				GCC_WARN_UNUSED_VARIABLE = YES;
				MACOSX_DEPLOYMENT_TARGET = 12.6;
				MTL_ENABLE_DEBUG_INFO = INCLUDE_SOURCE;
				MTL_FAST_MATH = YES;
				ONLY_ACTIVE_ARCH = YES;
				SDKROOT = macosx;
				SWIFT_ACTIVE_COMPILATION_CONDITIONS = DEBUG;
				SWIFT_OPTIMIZATION_LEVEL = "-Onone";
			};
			name = Debug;
		};
		3B35B5E12975B057009C92E2 /* Release */ = {
			isa = XCBuildConfiguration;
			buildSettings = {
				ALWAYS_SEARCH_USER_PATHS = NO;
				CLANG_ANALYZER_NONNULL = YES;
				CLANG_ANALYZER_NUMBER_OBJECT_CONVERSION = YES_AGGRESSIVE;
				CLANG_CXX_LANGUAGE_STANDARD = "gnu++20";
				CLANG_ENABLE_MODULES = YES;
				CLANG_ENABLE_OBJC_ARC = YES;
				CLANG_ENABLE_OBJC_WEAK = YES;
				CLANG_WARN_BLOCK_CAPTURE_AUTORELEASING = YES;
				CLANG_WARN_BOOL_CONVERSION = YES;
				CLANG_WARN_COMMA = YES;
				CLANG_WARN_CONSTANT_CONVERSION = YES;
				CLANG_WARN_DEPRECATED_OBJC_IMPLEMENTATIONS = YES;
				CLANG_WARN_DIRECT_OBJC_ISA_USAGE = YES_ERROR;
				CLANG_WARN_DOCUMENTATION_COMMENTS = YES;
				CLANG_WARN_EMPTY_BODY = YES;
				CLANG_WARN_ENUM_CONVERSION = YES;
				CLANG_WARN_INFINITE_RECURSION = YES;
				CLANG_WARN_INT_CONVERSION = YES;
				CLANG_WARN_NON_LITERAL_NULL_CONVERSION = YES;
				CLANG_WARN_OBJC_IMPLICIT_RETAIN_SELF = YES;
				CLANG_WARN_OBJC_LITERAL_CONVERSION = YES;
				CLANG_WARN_OBJC_ROOT_CLASS = YES_ERROR;
				CLANG_WARN_QUOTED_INCLUDE_IN_FRAMEWORK_HEADER = YES;
				CLANG_WARN_RANGE_LOOP_ANALYSIS = YES;
				CLANG_WARN_STRICT_PROTOTYPES = YES;
				CLANG_WARN_SUSPICIOUS_MOVE = YES;
				CLANG_WARN_UNGUARDED_AVAILABILITY = YES_AGGRESSIVE;
				CLANG_WARN_UNREACHABLE_CODE = YES;
				CLANG_WARN__DUPLICATE_METHOD_MATCH = YES;
				COPY_PHASE_STRIP = NO;
				DEBUG_INFORMATION_FORMAT = "dwarf-with-dsym";
				ENABLE_NS_ASSERTIONS = NO;
				ENABLE_STRICT_OBJC_MSGSEND = YES;
				GCC_C_LANGUAGE_STANDARD = gnu11;
				GCC_NO_COMMON_BLOCKS = YES;
				GCC_WARN_64_TO_32_BIT_CONVERSION = YES;
				GCC_WARN_ABOUT_RETURN_TYPE = YES_ERROR;
				GCC_WARN_UNDECLARED_SELECTOR = YES;
				GCC_WARN_UNINITIALIZED_AUTOS = YES_AGGRESSIVE;
				GCC_WARN_UNUSED_FUNCTION = YES;
				GCC_WARN_UNUSED_VARIABLE = YES;
				MACOSX_DEPLOYMENT_TARGET = 12.6;
				MTL_ENABLE_DEBUG_INFO = NO;
				MTL_FAST_MATH = YES;
				SDKROOT = macosx;
				SWIFT_COMPILATION_MODE = wholemodule;
				SWIFT_OPTIMIZATION_LEVEL = "-O";
			};
			name = Release;
		};
		3B35B5E32975B057009C92E2 /* Debug */ = {
			isa = XCBuildConfiguration;
			buildSettings = {
				ASSETCATALOG_COMPILER_APPICON_NAME = AppIcon;
				ASSETCATALOG_COMPILER_GLOBAL_ACCENT_COLOR_NAME = AccentColor;
				CODE_SIGN_ENTITLEMENTS = DiscordoRPC/DiscordoRPC.entitlements;
				CODE_SIGN_STYLE = Automatic;
				COMBINE_HIDPI_IMAGES = YES;
				CURRENT_PROJECT_VERSION = 1;
				DEVELOPMENT_ASSET_PATHS = "\"DiscordoRPC/Preview Content\"";
				DEVELOPMENT_TEAM = WCQRQ8RKJR;
				ENABLE_HARDENED_RUNTIME = YES;
				ENABLE_PREVIEWS = YES;
				GENERATE_INFOPLIST_FILE = YES;
				INFOPLIST_KEY_NSHumanReadableCopyright = "";
				LD_RUNPATH_SEARCH_PATHS = (
					"$(inherited)",
					"@executable_path/../Frameworks",
				);
				MARKETING_VERSION = 1.0;
				PRODUCT_BUNDLE_IDENTIFIER = com.m00nbek.DiscordoRPC;
				PRODUCT_NAME = "$(TARGET_NAME)";
				SWIFT_EMIT_LOC_STRINGS = YES;
				SWIFT_VERSION = 5.0;
			};
			name = Debug;
		};
		3B35B5E42975B057009C92E2 /* Release */ = {
			isa = XCBuildConfiguration;
			buildSettings = {
				ASSETCATALOG_COMPILER_APPICON_NAME = AppIcon;
				ASSETCATALOG_COMPILER_GLOBAL_ACCENT_COLOR_NAME = AccentColor;
				CODE_SIGN_ENTITLEMENTS = DiscordoRPC/DiscordoRPC.entitlements;
				CODE_SIGN_STYLE = Automatic;
				COMBINE_HIDPI_IMAGES = YES;
				CURRENT_PROJECT_VERSION = 1;
				DEVELOPMENT_ASSET_PATHS = "\"DiscordoRPC/Preview Content\"";
				DEVELOPMENT_TEAM = WCQRQ8RKJR;
				ENABLE_HARDENED_RUNTIME = YES;
				ENABLE_PREVIEWS = YES;
				GENERATE_INFOPLIST_FILE = YES;
				INFOPLIST_KEY_NSHumanReadableCopyright = "";
				LD_RUNPATH_SEARCH_PATHS = (
					"$(inherited)",
					"@executable_path/../Frameworks",
				);
				MARKETING_VERSION = 1.0;
				PRODUCT_BUNDLE_IDENTIFIER = com.m00nbek.DiscordoRPC;
				PRODUCT_NAME = "$(TARGET_NAME)";
				SWIFT_EMIT_LOC_STRINGS = YES;
				SWIFT_VERSION = 5.0;
			};
			name = Release;
		};
/* End XCBuildConfiguration section */

/* Begin XCConfigurationList section */
		3B35B5C92975B055009C92E2 /* Build configuration list for PBXProject "DiscordoRPC" */ = {
			isa = XCConfigurationList;
			buildConfigurations = (
				3B35B5E02975B057009C92E2 /* Debug */,
				3B35B5E12975B057009C92E2 /* Release */,
			);
			defaultConfigurationIsVisible = 0;
			defaultConfigurationName = Release;
		};
		3B35B5E22975B057009C92E2 /* Build configuration list for PBXNativeTarget "DiscordoRPC" */ = {
			isa = XCConfigurationList;
			buildConfigurations = (
				3B35B5E32975B057009C92E2 /* Debug */,
				3B35B5E42975B057009C92E2 /* Release */,
			);
			defaultConfigurationIsVisible = 0;
			defaultConfigurationName = Release;
		};
/* End XCConfigurationList section */

/* Begin XCRemoteSwiftPackageReference section */
		3B35B5E62975B41E009C92E2 /* XCRemoteSwiftPackageReference "BlueSocket" */ = {
			isa = XCRemoteSwiftPackageReference;
			repositoryURL = "https://github.com/Kitura/BlueSocket.git";
			requirement = {
				kind = upToNextMajorVersion;
				minimumVersion = 2.0.0;
			};
		};
		3B35B5E92975B55C009C92E2 /* XCRemoteSwiftPackageReference "swift-argument-parser" */ = {
			isa = XCRemoteSwiftPackageReference;
			repositoryURL = "https://github.com/apple/swift-argument-parser.git";
			requirement = {
				kind = upToNextMajorVersion;
				minimumVersion = 1.0.0;
			};
		};
		3B35B5EF2975B661009C92E2 /* XCRemoteSwiftPackageReference "SwordRPC" */ = {
			isa = XCRemoteSwiftPackageReference;
			repositoryURL = "https://github.com/PKBeam/SwordRPC.git";
			requirement = {
				branch = master;
				kind = branch;
			};
		};
/* End XCRemoteSwiftPackageReference section */

/* Begin XCSwiftPackageProductDependency section */
		3B35B5E72975B41E009C92E2 /* Socket */ = {
			isa = XCSwiftPackageProductDependency;
			package = 3B35B5E62975B41E009C92E2 /* XCRemoteSwiftPackageReference "BlueSocket" */;
			productName = Socket;
		};
		3B35B5EA2975B55C009C92E2 /* ArgumentParser */ = {
			isa = XCSwiftPackageProductDependency;
			package = 3B35B5E92975B55C009C92E2 /* XCRemoteSwiftPackageReference "swift-argument-parser" */;
			productName = ArgumentParser;
		};
		3B35B5EC2975B55C009C92E2 /* generate-manual */ = {
			isa = XCSwiftPackageProductDependency;
			package = 3B35B5E92975B55C009C92E2 /* XCRemoteSwiftPackageReference "swift-argument-parser" */;
			productName = "generate-manual";
		};
		3B35B5F02975B661009C92E2 /* SwordRPC */ = {
			isa = XCSwiftPackageProductDependency;
			package = 3B35B5EF2975B661009C92E2 /* XCRemoteSwiftPackageReference "SwordRPC" */;
			productName = SwordRPC;
		};
/* End XCSwiftPackageProductDependency section */

/* Begin XCVersionGroup section */
		3B35B5DC2975B057009C92E2 /* DiscordoRPC.xcdatamodeld */ = {
			isa = XCVersionGroup;
			children = (
				3B35B5DD2975B057009C92E2 /* DiscordoRPC.xcdatamodel */,
			);
			currentVersion = 3B35B5DD2975B057009C92E2 /* DiscordoRPC.xcdatamodel */;
			path = DiscordoRPC.xcdatamodeld;
			sourceTree = "<group>";
			versionGroupType = wrapper.xcdatamodel;
		};
/* End XCVersionGroup section */
	};
	rootObject = 3B35B5C62975B055009C92E2 /* Project object */;
}
